{
  "name": "backup-github",
  "lockfileVersion": 3,
  "requires": true,
  "packages": {
    "": {
      "name": "backup-github",
      "license": "MIT",
      "devDependencies": {
        "changie": "^1.25.0"
      }
    },
    "node_modules/changie": {
      "version": "1.25.0",
      "resolved": "https://registry.npmjs.org/changie/-/changie-1.25.0.tgz",
      "integrity": "sha512-HWQslgoFBfs8LLpmBBINZ2BjXtrbZ5C4AxVAf4sExOxe+2sEYwR+MQd0VWZD3auZpBNpuKtL0BYnxL2jyZ+sGA==",
      "dev": true,
      "license": "MIT",
      "bin": {
        "changie": "npm/changie.js"
      }
    }
  }
}
