{
  "name": "backup-github",
  "lockfileVersion": 3,
  "requires": true,
  "packages": {
    "": {
      "name": "backup-github",
      "license": "MIT",
      "devDependencies": {
        "changie": "^1.25.1"
      }
    },
    "node_modules/changie": {
      "version": "1.25.1",
      "resolved": "https://registry.npmjs.org/changie/-/changie-1.25.1.tgz",
      "integrity": "sha512-0ZMNZUmKo0kD8ONywL3AB8yuihVm1jXsnKL+inCV/ZgmyZTb2Eoot18I4MiRNH0k1Vcm5M+2qm6M+iPABTZi4A==",
      "dev": true,
      "license": "MIT",
      "bin": {
        "changie": "npm/changie.js"
      }
    }
  }
}
