{
  "name": "backup-github",
  "lockfileVersion": 3,
  "requires": true,
  "packages": {
    "": {
      "name": "backup-github",
      "license": "MIT",
      "devDependencies": {
        "changie": "^1.26.0"
      }
    },
    "node_modules/changie": {
      "version": "1.26.0",
      "resolved": "https://registry.npmjs.org/changie/-/changie-1.26.0.tgz",
      "integrity": "sha512-uxNt7qEj5K0m+OzESAABldgUVn3I+KkiMH2gYjDCPJmsr0Qpoc5F6R2udiQkc8SJNsc7vfJBUaoHW8a0emflmg==",
      "dev": true,
      "license": "MIT",
      "bin": {
        "changie": "npm/changie.js"
      }
    }
  }
}
